# THIS IS AN AUTOGENERATED FILE. DO NOT EDIT THIS FILE DIRECTLY.
# yarn lockfile v1


array-find-index@^1.0.1:
  version "1.0.2"
  resolved "https://registry.npmjs.org/array-find-index/-/array-find-index-1.0.2.tgz#df010aa1287e164bbda6f9723b0a96a1ec4187a1"
  integrity sha1-3wEKoSh+Fku9pvlyOwqWoexBh6E=

arrify@^1.0.0, arrify@^1.0.1:
  version "1.0.1"
  resolved "https://registry.yarnpkg.com/arrify/-/arrify-1.0.1.tgz#898508da2226f380df904728456849c1501a4b0d"

balanced-match@^1.0.0:
  version "1.0.0"
  resolved "https://registry.yarnpkg.com/balanced-match/-/balanced-match-1.0.0.tgz#89b4d199ab2bee49de164ea02b89ce462d71b767"

brace-expansion@^1.1.7:
  version "1.1.8"
  resolved "https://registry.yarnpkg.com/brace-expansion/-/brace-expansion-1.1.8.tgz#c07b211c7c952ec1f8efd51a77ef0d1d3990a292"
  dependencies:
    balanced-match "^1.0.0"
    concat-map "0.0.1"

browser-stdout@1.3.0:
  version "1.3.0"
  resolved "https://registry.yarnpkg.com/browser-stdout/-/browser-stdout-1.3.0.tgz#f351d32969d32fa5d7a5567154263d928ae3bd1f"

buffer-from@^1.0.0, buffer-from@^1.1.0:
  version "1.1.0"
  resolved "https://registry.yarnpkg.com/buffer-from/-/buffer-from-1.1.0.tgz#87fcaa3a298358e0ade6e442cfce840740d1ad04"

builtin-modules@^1.0.0:
  version "1.1.1"
  resolved "https://registry.yarnpkg.com/builtin-modules/-/builtin-modules-1.1.1.tgz#270f076c5a72c02f5b65a47df94c5fe3a278892f"

camelcase-keys@^4.0.0:
  version "4.2.0"
  resolved "https://registry.npmjs.org/camelcase-keys/-/camelcase-keys-4.2.0.tgz#a2aa5fb1af688758259c32c141426d78923b9b77"
  integrity sha1-oqpfsa9oh1glnDLBQUJteJI7m3c=
  dependencies:
    camelcase "^4.1.0"
    map-obj "^2.0.0"
    quick-lru "^1.0.0"

camelcase@^4.1.0:
  version "4.1.0"
  resolved "https://registry.npmjs.org/camelcase/-/camelcase-4.1.0.tgz#d545635be1e33c542649c69173e5de6acfae34dd"
  integrity sha1-1UVjW+HjPFQmScaRc+Xeas+uNN0=

commander@2.11.0:
  version "2.11.0"
  resolved "https://registry.yarnpkg.com/commander/-/commander-2.11.0.tgz#157152fd1e7a6c8d98a5b715cf376df928004563"

concat-map@0.0.1:
  version "0.0.1"
  resolved "https://registry.yarnpkg.com/concat-map/-/concat-map-0.0.1.tgz#d8a96bd77fd68df7793a73036a3ba0d5405d477b"

cross-spawn@^6.0.5:
  version "6.0.5"
  resolved "https://registry.npmjs.org/cross-spawn/-/cross-spawn-6.0.5.tgz#4a5ec7c64dfae22c3a14124dbacdee846d80cbc4"
  integrity sha512-eTVLrBSt7fjbDygz805pMnstIs2VTBNkRm0qxZd+M7A5XDdxVRWO5MxGBXZhjY4cqLYLdtrGqRf8mBPmzwSpWQ==
  dependencies:
    nice-try "^1.0.4"
    path-key "^2.0.1"
    semver "^5.5.0"
    shebang-command "^1.2.0"
    which "^1.2.9"

currently-unhandled@^0.4.1:
  version "0.4.1"
  resolved "https://registry.npmjs.org/currently-unhandled/-/currently-unhandled-0.4.1.tgz#988df33feab191ef799a61369dd76c17adf957ea"
  integrity sha1-mI3zP+qxke95mmE2nddsF635V+o=
  dependencies:
    array-find-index "^1.0.1"

debug@3.1.0:
  version "3.1.0"
  resolved "https://registry.yarnpkg.com/debug/-/debug-3.1.0.tgz#5bb5a0672628b64149566ba16819e61518c67261"
  dependencies:
    ms "2.0.0"

decamelize-keys@^1.0.0:
  version "1.1.0"
  resolved "https://registry.npmjs.org/decamelize-keys/-/decamelize-keys-1.1.0.tgz#d171a87933252807eb3cb61dc1c1445d078df2d9"
  integrity sha1-0XGoeTMlKAfrPLYdwcFEXQeN8tk=
  dependencies:
    decamelize "^1.1.0"
    map-obj "^1.0.0"

decamelize@^1.1.0:
  version "1.2.0"
  resolved "https://registry.npmjs.org/decamelize/-/decamelize-1.2.0.tgz#f6534d15148269b20352e7bee26f501f9a191290"
  integrity sha1-9lNNFRSCabIDUue+4m9QH5oZEpA=

diff@3.3.1:
  version "3.3.1"
  resolved "https://registry.yarnpkg.com/diff/-/diff-3.3.1.tgz#aa8567a6eed03c531fc89d3f711cd0e5259dec75"

diff@^3.1.0:
  version "3.4.0"
  resolved "https://registry.yarnpkg.com/diff/-/diff-3.4.0.tgz#b1d85507daf3964828de54b37d0d73ba67dda56c"

error-ex@^1.3.1:
  version "1.3.1"
  resolved "https://registry.yarnpkg.com/error-ex/-/error-ex-1.3.1.tgz#f855a86ce61adc4e8621c3cda21e7a7612c3a8dc"
  dependencies:
    is-arrayish "^0.2.1"

escape-string-regexp@1.0.5:
  version "1.0.5"
  resolved "https://registry.yarnpkg.com/escape-string-regexp/-/escape-string-regexp-1.0.5.tgz#1b61c0562190a8dff6ae3bb2cf0200ca130b86d4"

expected-exit-status@^1.0.0:
  version "1.0.2"
  resolved "https://registry.npmjs.org/expected-exit-status/-/expected-exit-status-1.0.2.tgz#79c5ba9ae113bc8b7a290787686216001e28cf57"
  integrity sha512-0SWHJ91/9qRqpos+NgxKHH2wijV95B/FHIO9PtPe7dzupHCYcyKJClKO42gM96M+xnf93uPZsGVa22LIQW77iw==
  dependencies:
    cross-spawn "^6.0.5"
    meow "^5.0.0"

find-up@^2.0.0:
  version "2.1.0"
  resolved "https://registry.npmjs.org/find-up/-/find-up-2.1.0.tgz#45d1b7e506c717ddd482775a2b77920a3c0c57a7"
  integrity sha1-RdG35QbHF93UgndaK3eSCjwMV6c=
  dependencies:
    locate-path "^2.0.0"

fs.realpath@^1.0.0:
  version "1.0.0"
  resolved "https://registry.yarnpkg.com/fs.realpath/-/fs.realpath-1.0.0.tgz#1504ad2523158caa40db4a2787cb01411994ea4f"

glob@7.1.2:
  version "7.1.2"
  resolved "https://registry.yarnpkg.com/glob/-/glob-7.1.2.tgz#c19c9df9a028702d678612384a6552404c636d15"
  dependencies:
    fs.realpath "^1.0.0"
    inflight "^1.0.4"
    inherits "2"
    minimatch "^3.0.4"
    once "^1.3.0"
    path-is-absolute "^1.0.0"

graceful-fs@^4.1.2:
  version "4.1.15"
  resolved "https://registry.npmjs.org/graceful-fs/-/graceful-fs-4.1.15.tgz#ffb703e1066e8a0eeaa4c8b80ba9253eeefbfb00"
  integrity sha512-6uHUhOPEBgQ24HM+r6b/QwWfZq+yiFcipKFrOFiBEnWdy5sdzYoi+pJeQaPI5qOLRFqWmAXUPQNsielzdLoecA==

growl@1.10.3:
  version "1.10.3"
  resolved "https://registry.yarnpkg.com/growl/-/growl-1.10.3.tgz#1926ba90cf3edfe2adb4927f5880bc22c66c790f"

has-flag@^2.0.0:
  version "2.0.0"
  resolved "https://registry.yarnpkg.com/has-flag/-/has-flag-2.0.0.tgz#e8207af1cc7b30d446cc70b734b5e8be18f88d51"

he@1.1.1:
  version "1.1.1"
  resolved "https://registry.yarnpkg.com/he/-/he-1.1.1.tgz#93410fd21b009735151f8868c2f271f3427e23fd"

hosted-git-info@^2.1.4:
  version "2.5.0"
  resolved "https://registry.yarnpkg.com/hosted-git-info/-/hosted-git-info-2.5.0.tgz#6d60e34b3abbc8313062c3b798ef8d901a07af3c"

indent-string@^3.0.0:
  version "3.2.0"
  resolved "https://registry.npmjs.org/indent-string/-/indent-string-3.2.0.tgz#4a5fd6d27cc332f37e5419a504dbb837105c9289"
  integrity sha1-Sl/W0nzDMvN+VBmlBNu4NxBckok=

inflight@^1.0.4:
  version "1.0.6"
  resolved "https://registry.yarnpkg.com/inflight/-/inflight-1.0.6.tgz#49bd6331d7d02d0c09bc910a1075ba8165b56df9"
  dependencies:
    once "^1.3.0"
    wrappy "1"

inherits@2:
  version "2.0.3"
  resolved "https://registry.yarnpkg.com/inherits/-/inherits-2.0.3.tgz#633c2c83e3da42a502f52466022480f4208261de"

is-arrayish@^0.2.1:
  version "0.2.1"
  resolved "https://registry.yarnpkg.com/is-arrayish/-/is-arrayish-0.2.1.tgz#77c99840527aa8ecb1a8ba697b80645a7a926a9d"

is-builtin-module@^1.0.0:
  version "1.0.0"
  resolved "https://registry.yarnpkg.com/is-builtin-module/-/is-builtin-module-1.0.0.tgz#540572d34f7ac3119f8f76c30cbc1b1e037affbe"
  dependencies:
    builtin-modules "^1.0.0"

is-plain-obj@^1.1.0:
  version "1.1.0"
  resolved "https://registry.npmjs.org/is-plain-obj/-/is-plain-obj-1.1.0.tgz#71a50c8429dfca773c92a390a4a03b39fcd51d3e"
  integrity sha1-caUMhCnfync8kqOQpKA7OfzVHT4=

isexe@^2.0.0:
  version "2.0.0"
  resolved "https://registry.npmjs.org/isexe/-/isexe-2.0.0.tgz#e8fbf374dc556ff8947a10dcb0572d633f2cfa10"
  integrity sha1-6PvzdNxVb/iUehDcsFctYz8s+hA=

json-parse-better-errors@^1.0.1:
  version "1.0.1"
  resolved "https://registry.yarnpkg.com/json-parse-better-errors/-/json-parse-better-errors-1.0.1.tgz#50183cd1b2d25275de069e9e71b467ac9eab973a"

load-json-file@^4.0.0:
  version "4.0.0"
  resolved "https://registry.npmjs.org/load-json-file/-/load-json-file-4.0.0.tgz#2f5f45ab91e33216234fd53adab668eb4ec0993b"
  integrity sha1-L19Fq5HjMhYjT9U62rZo607AmTs=
  dependencies:
    graceful-fs "^4.1.2"
    parse-json "^4.0.0"
    pify "^3.0.0"
    strip-bom "^3.0.0"

locate-path@^2.0.0:
  version "2.0.0"
  resolved "https://registry.npmjs.org/locate-path/-/locate-path-2.0.0.tgz#2b568b265eec944c6d9c0de9c3dbbbca0354cd8e"
  integrity sha1-K1aLJl7slExtnA3pw9u7ygNUzY4=
  dependencies:
    p-locate "^2.0.0"
    path-exists "^3.0.0"

loud-rejection@^1.0.0:
  version "1.6.0"
  resolved "https://registry.npmjs.org/loud-rejection/-/loud-rejection-1.6.0.tgz#5b46f80147edee578870f086d04821cf998e551f"
  integrity sha1-W0b4AUft7leIcPCG0Eghz5mOVR8=
  dependencies:
    currently-unhandled "^0.4.1"
    signal-exit "^3.0.0"

make-error@^1.1.1:
  version "1.3.2"
  resolved "https://registry.yarnpkg.com/make-error/-/make-error-1.3.2.tgz#8762ffad2444dd8ff1f7c819629fa28e24fea1c4"

map-obj@^1.0.0:
  version "1.0.1"
  resolved "https://registry.npmjs.org/map-obj/-/map-obj-1.0.1.tgz#d933ceb9205d82bdcf4886f6742bdc2b4dea146d"
  integrity sha1-2TPOuSBdgr3PSIb2dCvcK03qFG0=

map-obj@^2.0.0:
  version "2.0.0"
  resolved "https://registry.npmjs.org/map-obj/-/map-obj-2.0.0.tgz#a65cd29087a92598b8791257a523e021222ac1f9"
  integrity sha1-plzSkIepJZi4eRJXpSPgISIqwfk=

meow@^5.0.0:
  version "5.0.0"
  resolved "https://registry.npmjs.org/meow/-/meow-5.0.0.tgz#dfc73d63a9afc714a5e371760eb5c88b91078aa4"
  integrity sha512-CbTqYU17ABaLefO8vCU153ZZlprKYWDljcndKKDCFcYQITzWCXZAVk4QMFZPgvzrnUQ3uItnIE/LoUOwrT15Ig==
  dependencies:
    camelcase-keys "^4.0.0"
    decamelize-keys "^1.0.0"
    loud-rejection "^1.0.0"
    minimist-options "^3.0.1"
    normalize-package-data "^2.3.4"
    read-pkg-up "^3.0.0"
    redent "^2.0.0"
    trim-newlines "^2.0.0"
    yargs-parser "^10.0.0"

minimatch@^3.0.4:
  version "3.0.4"
  resolved "https://registry.yarnpkg.com/minimatch/-/minimatch-3.0.4.tgz#5166e286457f03306064be5497e8dbb0c3d32083"
  dependencies:
    brace-expansion "^1.1.7"

minimist-options@^3.0.1:
  version "3.0.2"
  resolved "https://registry.npmjs.org/minimist-options/-/minimist-options-3.0.2.tgz#fba4c8191339e13ecf4d61beb03f070103f3d954"
  integrity sha512-FyBrT/d0d4+uiZRbqznPXqw3IpZZG3gl3wKWiX784FycUKVwBt0uLBFkQrtE4tZOrgo78nZp2jnKz3L65T5LdQ==
  dependencies:
    arrify "^1.0.1"
    is-plain-obj "^1.1.0"

minimist@0.0.8:
  version "0.0.8"
  resolved "https://registry.yarnpkg.com/minimist/-/minimist-0.0.8.tgz#857fcabfc3397d2625b8228262e86aa7a011b05d"

minimist@^1.2.0:
  version "1.2.0"
  resolved "https://registry.yarnpkg.com/minimist/-/minimist-1.2.0.tgz#a35008b20f41383eec1fb914f4cd5df79a264284"

mkdirp@0.5.1, mkdirp@^0.5.1:
  version "0.5.1"
  resolved "https://registry.yarnpkg.com/mkdirp/-/mkdirp-0.5.1.tgz#30057438eac6cf7f8c4767f38648d6697d75c903"
  dependencies:
    minimist "0.0.8"

mocha@^5.0.0:
  version "5.0.0"
  resolved "https://registry.yarnpkg.com/mocha/-/mocha-5.0.0.tgz#cccac988b0bc5477119cba0e43de7af6d6ad8f4e"
  dependencies:
    browser-stdout "1.3.0"
    commander "2.11.0"
    debug "3.1.0"
    diff "3.3.1"
    escape-string-regexp "1.0.5"
    glob "7.1.2"
    growl "1.10.3"
    he "1.1.1"
    mkdirp "0.5.1"
    supports-color "4.4.0"

ms@2.0.0:
  version "2.0.0"
  resolved "https://registry.yarnpkg.com/ms/-/ms-2.0.0.tgz#5608aeadfc00be6c2901df5f9861788de0d597c8"

nice-try@^1.0.4:
  version "1.0.5"
  resolved "https://registry.npmjs.org/nice-try/-/nice-try-1.0.5.tgz#a3378a7696ce7d223e88fc9b764bd7ef1089e366"
  integrity sha512-1nh45deeb5olNY7eX82BkPO7SSxR5SSYJiPTrTdFUVYwAl8CKMA5N9PjTYkHiRjisVcxcQ1HXdLhx2qxxJzLNQ==

normalize-package-data@^2.3.2, normalize-package-data@^2.3.4:
  version "2.4.0"
  resolved "https://registry.yarnpkg.com/normalize-package-data/-/normalize-package-data-2.4.0.tgz#12f95a307d58352075a04907b84ac8be98ac012f"
  dependencies:
    hosted-git-info "^2.1.4"
    is-builtin-module "^1.0.0"
    semver "2 || 3 || 4 || 5"
    validate-npm-package-license "^3.0.1"

once@^1.3.0:
  version "1.4.0"
  resolved "https://registry.yarnpkg.com/once/-/once-1.4.0.tgz#583b1aa775961d4b113ac17d9c50baef9dd76bd1"
  dependencies:
    wrappy "1"

p-limit@^1.1.0:
  version "1.3.0"
  resolved "https://registry.npmjs.org/p-limit/-/p-limit-1.3.0.tgz#b86bd5f0c25690911c7590fcbfc2010d54b3ccb8"
  integrity sha512-vvcXsLAJ9Dr5rQOPk7toZQZJApBl2K4J6dANSsEuh6QI41JYcsS/qhTGa9ErIUUgK3WNQoJYvylxvjqmiqEA9Q==
  dependencies:
    p-try "^1.0.0"

p-locate@^2.0.0:
  version "2.0.0"
  resolved "https://registry.npmjs.org/p-locate/-/p-locate-2.0.0.tgz#20a0103b222a70c8fd39cc2e580680f3dde5ec43"
  integrity sha1-IKAQOyIqcMj9OcwuWAaA893l7EM=
  dependencies:
    p-limit "^1.1.0"

p-try@^1.0.0:
  version "1.0.0"
  resolved "https://registry.npmjs.org/p-try/-/p-try-1.0.0.tgz#cbc79cdbaf8fd4228e13f621f2b1a237c1b207b3"
  integrity sha1-y8ec26+P1CKOE/Yh8rGiN8GyB7M=

parse-json@^4.0.0:
  version "4.0.0"
  resolved "https://registry.yarnpkg.com/parse-json/-/parse-json-4.0.0.tgz#be35f5425be1f7f6c747184f98a788cb99477ee0"
  dependencies:
    error-ex "^1.3.1"
    json-parse-better-errors "^1.0.1"

path-exists@^3.0.0:
  version "3.0.0"
  resolved "https://registry.npmjs.org/path-exists/-/path-exists-3.0.0.tgz#ce0ebeaa5f78cb18925ea7d810d7b59b010fd515"
  integrity sha1-zg6+ql94yxiSXqfYENe1mwEP1RU=

path-is-absolute@^1.0.0:
  version "1.0.1"
  resolved "https://registry.yarnpkg.com/path-is-absolute/-/path-is-absolute-1.0.1.tgz#174b9268735534ffbc7ace6bf53a5a9e1b5c5f5f"

path-key@^2.0.1:
  version "2.0.1"
  resolved "https://registry.npmjs.org/path-key/-/path-key-2.0.1.tgz#411cadb574c5a140d3a4b1910d40d80cc9f40b40"
  integrity sha1-QRyttXTFoUDTpLGRDUDYDMn0C0A=

path-type@^3.0.0:
  version "3.0.0"
  resolved "https://registry.npmjs.org/path-type/-/path-type-3.0.0.tgz#cef31dc8e0a1a3bb0d105c0cd97cf3bf47f4e36f"
  integrity sha512-T2ZUsdZFHgA3u4e5PfPbjd7HDDpxPnQb5jN0SrDsjNSuVXHJqtwTnWqG0B1jZrgmJ/7lj1EmVIByWt1gxGkWvg==
  dependencies:
    pify "^3.0.0"

pify@^3.0.0:
  version "3.0.0"
  resolved "https://registry.yarnpkg.com/pify/-/pify-3.0.0.tgz#e5a4acd2c101fdf3d9a4d07f0dbc4db49dd28176"

quick-lru@^1.0.0:
  version "1.1.0"
  resolved "https://registry.npmjs.org/quick-lru/-/quick-lru-1.1.0.tgz#4360b17c61136ad38078397ff11416e186dcfbb8"
  integrity sha1-Q2CxfGETatOAeDl/8RQW4Ybc+7g=

read-pkg-up@^3.0.0:
  version "3.0.0"
  resolved "https://registry.npmjs.org/read-pkg-up/-/read-pkg-up-3.0.0.tgz#3ed496685dba0f8fe118d0691dc51f4a1ff96f07"
  integrity sha1-PtSWaF26D4/hGNBpHcUfSh/5bwc=
  dependencies:
    find-up "^2.0.0"
    read-pkg "^3.0.0"

read-pkg@^3.0.0:
  version "3.0.0"
  resolved "https://registry.npmjs.org/read-pkg/-/read-pkg-3.0.0.tgz#9cbc686978fee65d16c00e2b19c237fcf6e38389"
  integrity sha1-nLxoaXj+5l0WwA4rGcI3/Pbjg4k=
  dependencies:
    load-json-file "^4.0.0"
    normalize-package-data "^2.3.2"
    path-type "^3.0.0"

read-pkg@^4.0.1:
  version "4.0.1"
  resolved "https://registry.npmjs.org/read-pkg/-/read-pkg-4.0.1.tgz#963625378f3e1c4d48c85872b5a6ec7d5d093237"
  integrity sha1-ljYlN48+HE1IyFhytabsfV0JMjc=
  dependencies:
    normalize-package-data "^2.3.2"
    parse-json "^4.0.0"
    pify "^3.0.0"

redent@^2.0.0:
  version "2.0.0"
  resolved "https://registry.npmjs.org/redent/-/redent-2.0.0.tgz#c1b2007b42d57eb1389079b3c8333639d5e1ccaa"
  integrity sha1-wbIAe0LVfrE4kHmzyDM2OdXhzKo=
  dependencies:
    indent-string "^3.0.0"
    strip-indent "^2.0.0"

"semver@2 || 3 || 4 || 5":
  version "5.5.0"
  resolved "https://registry.yarnpkg.com/semver/-/semver-5.5.0.tgz#dc4bbc7a6ca9d916dee5d43516f0092b58f7b8ab"

semver@^5.5.0:
  version "5.6.0"
  resolved "https://registry.npmjs.org/semver/-/semver-5.6.0.tgz#7e74256fbaa49c75aa7c7a205cc22799cac80004"
  integrity sha512-RS9R6R35NYgQn++fkDWaOmqGoj4Ek9gGs+DPxNUZKuwE183xjJroKvyo1IzVFeXvUrvmALy6FWD5xrdJT25gMg==

shebang-command@^1.2.0:
  version "1.2.0"
  resolved "https://registry.npmjs.org/shebang-command/-/shebang-command-1.2.0.tgz#44aac65b695b03398968c39f363fee5deafdf1ea"
  integrity sha1-RKrGW2lbAzmJaMOfNj/uXer98eo=
  dependencies:
    shebang-regex "^1.0.0"

shebang-regex@^1.0.0:
  version "1.0.0"
  resolved "https://registry.npmjs.org/shebang-regex/-/shebang-regex-1.0.0.tgz#da42f49740c0b42db2ca9728571cb190c98efea3"
  integrity sha1-2kL0l0DAtC2yypcoVxyxkMmO/qM=

signal-exit@^3.0.0:
  version "3.0.2"
  resolved "https://registry.npmjs.org/signal-exit/-/signal-exit-3.0.2.tgz#b5fdc08f1287ea1178628e415e25132b73646c6d"
  integrity sha1-tf3AjxKH6hF4Yo5BXiUTK3NkbG0=

source-map-support@^0.5.6:
  version "0.5.6"
  resolved "https://registry.yarnpkg.com/source-map-support/-/source-map-support-0.5.6.tgz#4435cee46b1aab62b8e8610ce60f788091c51c13"
  dependencies:
    buffer-from "^1.0.0"
    source-map "^0.6.0"

source-map@^0.6.0:
  version "0.6.1"
  resolved "https://registry.yarnpkg.com/source-map/-/source-map-0.6.1.tgz#74722af32e9614e9c287a8d0bbde48b5e2f1a263"

spdx-correct@~1.0.0:
  version "1.0.2"
  resolved "https://registry.yarnpkg.com/spdx-correct/-/spdx-correct-1.0.2.tgz#4b3073d933ff51f3912f03ac5519498a4150db40"
  dependencies:
    spdx-license-ids "^1.0.2"

spdx-expression-parse@~1.0.0:
  version "1.0.4"
  resolved "https://registry.yarnpkg.com/spdx-expression-parse/-/spdx-expression-parse-1.0.4.tgz#9bdf2f20e1f40ed447fbe273266191fced51626c"

spdx-license-ids@^1.0.2:
  version "1.2.2"
  resolved "https://registry.yarnpkg.com/spdx-license-ids/-/spdx-license-ids-1.2.2.tgz#c9df7a3424594ade6bd11900d596696dc06bac57"

strip-bom@^3.0.0:
  version "3.0.0"
  resolved "https://registry.npmjs.org/strip-bom/-/strip-bom-3.0.0.tgz#2334c18e9c759f7bdd56fdef7e9ae3d588e68ed3"
  integrity sha1-IzTBjpx1n3vdVv3vfprj1YjmjtM=

strip-indent@^2.0.0:
  version "2.0.0"
  resolved "https://registry.npmjs.org/strip-indent/-/strip-indent-2.0.0.tgz#5ef8db295d01e6ed6cbf7aab96998d7822527b68"
  integrity sha1-XvjbKV0B5u1sv3qrlpmNeCJSe2g=

supports-color@4.4.0:
  version "4.4.0"
  resolved "https://registry.yarnpkg.com/supports-color/-/supports-color-4.4.0.tgz#883f7ddabc165142b2a61427f3352ded195d1a3e"
  dependencies:
    has-flag "^2.0.0"

trim-newlines@^2.0.0:
  version "2.0.0"
  resolved "https://registry.npmjs.org/trim-newlines/-/trim-newlines-2.0.0.tgz#b403d0b91be50c331dfc4b82eeceb22c3de16d20"
  integrity sha1-tAPQuRvlDDMd/EuC7s6yLD3hbSA=

"ts-node-test-register@file:..":
  version "4.0.0"
  dependencies:
    read-pkg "^4.0.1"

ts-node@^7.0.0:
  version "7.0.0"
  resolved "https://registry.yarnpkg.com/ts-node/-/ts-node-7.0.0.tgz#a94a13c75e5e1aa6b82814b84c68deb339ba7bff"
  dependencies:
    arrify "^1.0.0"
    buffer-from "^1.1.0"
    diff "^3.1.0"
    make-error "^1.1.1"
    minimist "^1.2.0"
    mkdirp "^0.5.1"
    source-map-support "^0.5.6"
    yn "^2.0.0"

typescript@^3.0.0:
  version "3.0.1"
  resolved "https://registry.yarnpkg.com/typescript/-/typescript-3.0.1.tgz#43738f29585d3a87575520a4b93ab6026ef11fdb"

validate-npm-package-license@^3.0.1:
  version "3.0.1"
  resolved "https://registry.yarnpkg.com/validate-npm-package-license/-/validate-npm-package-license-3.0.1.tgz#2804babe712ad3379459acfbe24746ab2c303fbc"
  dependencies:
    spdx-correct "~1.0.0"
    spdx-expression-parse "~1.0.0"

which@^1.2.9:
  version "1.3.1"
  resolved "https://registry.npmjs.org/which/-/which-1.3.1.tgz#a45043d54f5805316da8d62f9f50918d3da70b0a"
  integrity sha512-HxJdYWq1MTIQbJ3nw0cqssHoTNU267KlrDuGZ1WYlxDStUtKUhOaJmh112/TZmHxxUfuJqPXSOm7tDyas0OSIQ==
  dependencies:
    isexe "^2.0.0"

wrappy@1:
  version "1.0.2"
  resolved "https://registry.yarnpkg.com/wrappy/-/wrappy-1.0.2.tgz#b5243d8f3ec1aa35f1364605bc0d1036e30ab69f"

yargs-parser@^10.0.0:
  version "10.1.0"
  resolved "https://registry.npmjs.org/yargs-parser/-/yargs-parser-10.1.0.tgz#7202265b89f7e9e9f2e5765e0fe735a905edbaa8"
  integrity sha512-VCIyR1wJoEBZUqk5PA+oOBF6ypbwh5aNB3I50guxAL/quggdfs4TtNHQrSazFA3fYZ+tEqfs0zIGlv0c/rgjbQ==
  dependencies:
    camelcase "^4.1.0"

yn@^2.0.0:
  version "2.0.0"
  resolved "https://registry.yarnpkg.com/yn/-/yn-2.0.0.tgz#e5adabc8acf408f6385fc76495684c88e6af689a"
